
Microsoft Visual Studio Solution File, Format Version 12.00
# Visual Studio Version 16
VisualStudioVersion = 16.0.809.1
MinimumVisualStudioVersion = 10.0.40219.1
Project("{FAE04EC0-301F-11D3-BF4B-00C04F79EFBC}") = "MyGram", "MyGram\MyGram.csproj", "{9AB9E172-441B-4D55-A76F-2890C058911B}"
EndProject
Global
	GlobalSection(SolutionConfigurationPlatforms) = preSolution
		Debug|Any CPU = Debug|Any CPU
		Release|Any CPU = Release|Any CPU
	EndGlobalSection
	GlobalSection(ProjectConfigurationPlatforms) = postSolution
		{9AB9E172-441B-4D55-A76F-2890C058911B}.Debug|Any CPU.ActiveCfg = Debug|Any CPU
		{9AB9E172-441B-4D55-A76F-2890C058911B}.Debug|Any CPU.Build.0 = Debug|Any CPU
		{9AB9E172-441B-4D55-A76F-2890C058911B}.Release|Any CPU.ActiveCfg = Release|Any CPU
		{9AB9E172-441B-4D55-A76F-2890C058911B}.Release|Any CPU.Build.0 = Release|Any CPU
	EndGlobalSection
	GlobalSection(SolutionProperties) = preSolution
		HideSolutionNode = FALSE
	EndGlobalSection
	GlobalSection(ExtensibilityGlobals) = postSolution
		SolutionGuid = {A9906727-F08D-49AD-9387-B9943C455722}
	EndGlobalSection
EndGlobal
